// !$*UTF8*$!
{
	archiveVersion = 1;
	classes = {
	};
	objectVersion = 46;
	objects = {

/* Begin PBXBuildFile section */
		598DF933199B25450073E963 /* Foundation.framework in Frameworks */ = {isa = PBXBuildFile; fileRef = 598DF932199B25450073E963 /* Foundation.framework */; };
		598DF935199B25450073E963 /* CoreGraphics.framework in Frameworks */ = {isa = PBXBuildFile; fileRef = 598DF934199B25450073E963 /* CoreGraphics.framework */; };
		598DF937199B25450073E963 /* UIKit.framework in Frameworks */ = {isa = PBXBuildFile; fileRef = 598DF936199B25450073E963 /* UIKit.framework */; };
		598DF93D199B25450073E963 /* InfoPlist.strings in Resources */ = {isa = PBXBuildFile; fileRef = 598DF93B199B25450073E963 /* InfoPlist.strings */; };
		598DF93F199B25450073E963 /* main.m in Sources */ = {isa = PBXBuildFile; fileRef = 598DF93E199B25450073E963 /* main.m */; };
		598DF943199B25450073E963 /* AppDelegate.m in Sources */ = {isa = PBXBuildFile; fileRef = 598DF942199B25450073E963 /* AppDelegate.m */; };
		598DF946199B25450073E963 /* Main.storyboard in Resources */ = {isa = PBXBuildFile; fileRef = 598DF944199B25450073E963 /* Main.storyboard */; };
		598DF949199B25450073E963 /* ViewController.m in Sources */ = {isa = PBXBuildFile; fileRef = 598DF948199B25450073E963 /* ViewController.m */; };
		598DF94B199B25450073E963 /* Images.xcassets in Resources */ = {isa = PBXBuildFile; fileRef = 598DF94A199B25450073E963 /* Images.xcassets */; };
		598DF952199B25450073E963 /* XCTest.framework in Frameworks */ = {isa = PBXBuildFile; fileRef = 598DF951199B25450073E963 /* XCTest.framework */; };
		598DF953199B25450073E963 /* Foundation.framework in Frameworks */ = {isa = PBXBuildFile; fileRef = 598DF932199B25450073E963 /* Foundation.framework */; };
		598DF954199B25450073E963 /* UIKit.framework in Frameworks */ = {isa = PBXBuildFile; fileRef = 598DF936199B25450073E963 /* UIKit.framework */; };
		598DF95C199B25450073E963 /* InfoPlist.strings in Resources */ = {isa = PBXBuildFile; fileRef = 598DF95A199B25450073E963 /* InfoPlist.strings */; };
		598DF95E199B25450073E963 /* assignment_2Tests.m in Sources */ = {isa = PBXBuildFile; fileRef = 598DF95D199B25450073E963 /* assignment_2Tests.m */; };
		598DF968199B2ACA0073E963 /* sr.jpg in Resources */ = {isa = PBXBuildFile; fileRef = 598DF967199B2ACA0073E963 /* sr.jpg */; };
		598DF96B199B39330073E963 /* ContactCellTableViewCell.m in Sources */ = {isa = PBXBuildFile; fileRef = 598DF96A199B39330073E963 /* ContactCellTableViewCell.m */; };
/* End PBXBuildFile section */

/* Begin PBXContainerItemProxy section */
		598DF955199B25450073E963 /* PBXContainerItemProxy */ = {
			isa = PBXContainerItemProxy;
			containerPortal = 598DF927199B25450073E963 /* Project object */;
			proxyType = 1;
			remoteGlobalIDString = 598DF92E199B25450073E963;
			remoteInfo = assignment_2;
		};
/* End PBXContainerItemProxy section */

/* Begin PBXFileReference section */
		598DF92F199B25450073E963 /* assignment_2.app */ = {isa = PBXFileReference; explicitFileType = wrapper.application; includeInIndex = 0; path = assignment_2.app; sourceTree = BUILT_PRODUCTS_DIR; };
		598DF932199B25450073E963 /* Foundation.framework */ = {isa = PBXFileReference; lastKnownFileType = wrapper.framework; name = Foundation.framework; path = System/Library/Frameworks/Foundation.framework; sourceTree = SDKROOT; };
		598DF934199B25450073E963 /* CoreGraphics.framework */ = {isa = PBXFileReference; lastKnownFileType = wrapper.framework; name = CoreGraphics.framework; path = System/Library/Frameworks/CoreGraphics.framework; sourceTree = SDKROOT; };
		598DF936199B25450073E963 /* UIKit.framework */ = {isa = PBXFileReference; lastKnownFileType = wrapper.framework; name = UIKit.framework; path = System/Library/Frameworks/UIKit.framework; sourceTree = SDKROOT; };
		598DF93A199B25450073E963 /* assignment_2-Info.plist */ = {isa = PBXFileReference; lastKnownFileType = text.plist.xml; path = "assignment_2-Info.plist"; sourceTree = "<group>"; };
		598DF93C199B25450073E963 /* en */ = {isa = PBXFileReference; lastKnownFileType = text.plist.strings; name = en; path = en.lproj/InfoPlist.strings; sourceTree = "<group>"; };
		598DF93E199B25450073E963 /* main.m */ = {isa = PBXFileReference; lastKnownFileType = sourcecode.c.objc; path = main.m; sourceTree = "<group>"; };
		598DF940199B25450073E963 /* assignment_2-Prefix.pch */ = {isa = PBXFileReference; lastKnownFileType = sourcecode.c.h; path = "assignment_2-Prefix.pch"; sourceTree = "<group>"; };
		598DF941199B25450073E963 /* AppDelegate.h */ = {isa = PBXFileReference; lastKnownFileType = sourcecode.c.h; path = AppDelegate.h; sourceTree = "<group>"; };
		598DF942199B25450073E963 /* AppDelegate.m */ = {isa = PBXFileReference; lastKnownFileType = sourcecode.c.objc; path = AppDelegate.m; sourceTree = "<group>"; };
		598DF945199B25450073E963 /* Base */ = {isa = PBXFileReference; lastKnownFileType = file.storyboard; name = Base; path = Base.lproj/Main.storyboard; sourceTree = "<group>"; };
		598DF948199B25450073E963 /* ViewController.m */ = {isa = PBXFileReference; lastKnownFileType = sourcecode.c.objc; path = ViewController.m; sourceTree = "<group>"; };
		598DF94A199B25450073E963 /* Images.xcassets */ = {isa = PBXFileReference; lastKnownFileType = folder.assetcatalog; path = Images.xcassets; sourceTree = "<group>"; };
		598DF950199B25450073E963 /* assignment_2Tests.xctest */ = {isa = PBXFileReference; explicitFileType = wrapper.cfbundle; includeInIndex = 0; path = assignment_2Tests.xctest; sourceTree = BUILT_PRODUCTS_DIR; };
		598DF951199B25450073E963 /* XCTest.framework */ = {isa = PBXFileReference; lastKnownFileType = wrapper.framework; name = XCTest.framework; path = Library/Frameworks/XCTest.framework; sourceTree = DEVELOPER_DIR; };
		598DF959199B25450073E963 /* assignment_2Tests-Info.plist */ = {isa = PBXFileReference; lastKnownFileType = text.plist.xml; path = "assignment_2Tests-Info.plist"; sourceTree = "<group>"; };
		598DF95B199B25450073E963 /* en */ = {isa = PBXFileReference; lastKnownFileType = text.plist.strings; name = en; path = en.lproj/InfoPlist.strings; sourceTree = "<group>"; };
		598DF95D199B25450073E963 /* assignment_2Tests.m */ = {isa = PBXFileReference; lastKnownFileType = sourcecode.c.objc; path = assignment_2Tests.m; sourceTree = "<group>"; };
		598DF967199B2ACA0073E963 /* sr.jpg */ = {isa = PBXFileReference; lastKnownFileType = image.jpeg; path = sr.jpg; sourceTree = "<group>"; };
		598DF969199B39330073E963 /* ContactCellTableViewCell.h */ = {isa = PBXFileReference; fileEncoding = 4; lastKnownFileType = sourcecode.c.h; path = ContactCellTableViewCell.h; sourceTree = "<group>"; };
		598DF96A199B39330073E963 /* ContactCellTableViewCell.m */ = {isa = PBXFileReference; fileEncoding = 4; lastKnownFileType = sourcecode.c.objc; path = ContactCellTableViewCell.m; sourceTree = "<group>"; };
/* End PBXFileReference section */

/* Begin PBXFrameworksBuildPhase section */
		598DF92C199B25450073E963 /* Frameworks */ = {
			isa = PBXFrameworksBuildPhase;
			buildActionMask = 2147483647;
			files = (
				598DF935199B25450073E963 /* CoreGraphics.framework in Frameworks */,
				598DF937199B25450073E963 /* UIKit.framework in Frameworks */,
				598DF933199B25450073E963 /* Foundation.framework in Frameworks */,
			);
			runOnlyForDeploymentPostprocessing = 0;
		};
		598DF94D199B25450073E963 /* Frameworks */ = {
			isa = PBXFrameworksBuildPhase;
			buildActionMask = 2147483647;
			files = (
				598DF952199B25450073E963 /* XCTest.framework in Frameworks */,
				598DF954199B25450073E963 /* UIKit.framework in Frameworks */,
				598DF953199B25450073E963 /* Foundation.framework in Frameworks */,
			);
			runOnlyForDeploymentPostprocessing = 0;
		};
/* End PBXFrameworksBuildPhase section */

/* Begin PBXGroup section */
		598DF926199B25450073E963 = {
			isa = PBXGroup;
			children = (
				598DF938199B25450073E963 /* assignment_2 */,
				598DF957199B25450073E963 /* assignment_2Tests */,
				598DF931199B25450073E963 /* Frameworks */,
				598DF930199B25450073E963 /* Products */,
				598DF967199B2ACA0073E963 /* sr.jpg */,
			);
			sourceTree = "<group>";
		};
		598DF930199B25450073E963 /* Products */ = {
			isa = PBXGroup;
			children = (
				598DF92F199B25450073E963 /* assignment_2.app */,
				598DF950199B25450073E963 /* assignment_2Tests.xctest */,
			);
			name = Products;
			sourceTree = "<group>";
		};
		598DF931199B25450073E963 /* Frameworks */ = {
			isa = PBXGroup;
			children = (
				598DF932199B25450073E963 /* Foundation.framework */,
				598DF934199B25450073E963 /* CoreGraphics.framework */,
				598DF936199B25450073E963 /* UIKit.framework */,
				598DF951199B25450073E963 /* XCTest.framework */,
			);
			name = Frameworks;
			sourceTree = "<group>";
		};
		598DF938199B25450073E963 /* assignment_2 */ = {
			isa = PBXGroup;
			children = (
				598DF941199B25450073E963 /* AppDelegate.h */,
				598DF942199B25450073E963 /* AppDelegate.m */,
				598DF944199B25450073E963 /* Main.storyboard */,
				598DF948199B25450073E963 /* ViewController.m */,
				598DF94A199B25450073E963 /* Images.xcassets */,
				598DF939199B25450073E963 /* Supporting Files */,
				598DF969199B39330073E963 /* ContactCellTableViewCell.h */,
				598DF96A199B39330073E963 /* ContactCellTableViewCell.m */,
			);
			path = assignment_2;
			sourceTree = "<group>";
		};
		598DF939199B25450073E963 /* Supporting Files */ = {
			isa = PBXGroup;
			children = (
				598DF93A199B25450073E963 /* assignment_2-Info.plist */,
				598DF93B199B25450073E963 /* InfoPlist.strings */,
				598DF93E199B25450073E963 /* main.m */,
				598DF940199B25450073E963 /* assignment_2-Prefix.pch */,
			);
			name = "Supporting Files";
			sourceTree = "<group>";
		};
		598DF957199B25450073E963 /* assignment_2Tests */ = {
			isa = PBXGroup;
			children = (
				598DF95D199B25450073E963 /* assignment_2Tests.m */,
				598DF958199B25450073E963 /* Supporting Files */,
			);
			path = assignment_2Tests;
			sourceTree = "<group>";
		};
		598DF958199B25450073E963 /* Supporting Files */ = {
			isa = PBXGroup;
			children = (
				598DF959199B25450073E963 /* assignment_2Tests-Info.plist */,
				598DF95A199B25450073E963 /* InfoPlist.strings */,
			);
			name = "Supporting Files";
			sourceTree = "<group>";
		};
/* End PBXGroup section */

/* Begin PBXNativeTarget section */
		598DF92E199B25450073E963 /* assignment_2 */ = {
			isa = PBXNativeTarget;
			buildConfigurationList = 598DF961199B25450073E963 /* Build configuration list for PBXNativeTarget "assignment_2" */;
			buildPhases = (
				598DF92B199B25450073E963 /* Sources */,
				598DF92C199B25450073E963 /* Frameworks */,
				598DF92D199B25450073E963 /* Resources */,
			);
			buildRules = (
			);
			dependencies = (
			);
			name = assignment_2;
			productName = assignment_2;
			productReference = 598DF92F199B25450073E963 /* assignment_2.app */;
			productType = "com.apple.product-type.application";
		};
		598DF94F199B25450073E963 /* assignment_2Tests */ = {
			isa = PBXNativeTarget;
			buildConfigurationList = 598DF964199B25450073E963 /* Build configuration list for PBXNativeTarget "assignment_2Tests" */;
			buildPhases = (
				598DF94C199B25450073E963 /* Sources */,
				598DF94D199B25450073E963 /* Frameworks */,
				598DF94E199B25450073E963 /* Resources */,
			);
			buildRules = (
			);
			dependencies = (
				598DF956199B25450073E963 /* PBXTargetDependency */,
			);
			name = assignment_2Tests;
			productName = assignment_2Tests;
			productReference = 598DF950199B25450073E963 /* assignment_2Tests.xctest */;
			productType = "com.apple.product-type.bundle.unit-test";
		};
/* End PBXNativeTarget section */

/* Begin PBXProject section */
		598DF927199B25450073E963 /* Project object */ = {
			isa = PBXProject;
			attributes = {
				LastUpgradeCheck = 0510;
				ORGANIZATIONNAME = iosTraining;
				TargetAttributes = {
					598DF94F199B25450073E963 = {
						TestTargetID = 598DF92E199B25450073E963;
					};
				};
			};
			buildConfigurationList = 598DF92A199B25450073E963 /* Build configuration list for PBXProject "assignment_2" */;
			compatibilityVersion = "Xcode 3.2";
			developmentRegion = English;
			hasScannedForEncodings = 0;
			knownRegions = (
				en,
				Base,
			);
			mainGroup = 598DF926199B25450073E963;
			productRefGroup = 598DF930199B25450073E963 /* Products */;
			projectDirPath = "";
			projectRoot = "";
			targets = (
				598DF92E199B25450073E963 /* assignment_2 */,
				598DF94F199B25450073E963 /* assignment_2Tests */,
			);
		};
/* End PBXProject section */

/* Begin PBXResourcesBuildPhase section */
		598DF92D199B25450073E963 /* Resources */ = {
			isa = PBXResourcesBuildPhase;
			buildActionMask = 2147483647;
			files = (
				598DF94B199B25450073E963 /* Images.xcassets in Resources */,
				598DF93D199B25450073E963 /* InfoPlist.strings in Resources */,
				598DF968199B2ACA0073E963 /* sr.jpg in Resources */,
				598DF946199B25450073E963 /* Main.storyboard in Resources */,
			);
			runOnlyForDeploymentPostprocessing = 0;
		};
		598DF94E199B25450073E963 /* Resources */ = {
			isa = PBXResourcesBuildPhase;
			buildActionMask = 2147483647;
			files = (
				598DF95C199B25450073E963 /* InfoPlist.strings in Resources */,
			);
			runOnlyForDeploymentPostprocessing = 0;
		};
/* End PBXResourcesBuildPhase section */

/* Begin PBXSourcesBuildPhase section */
		598DF92B199B25450073E963 /* Sources */ = {
			isa = PBXSourcesBuildPhase;
			buildActionMask = 2147483647;
			files = (
				598DF96B199B39330073E963 /* ContactCellTableViewCell.m in Sources */,
				598DF949199B25450073E963 /* ViewController.m in Sources */,
				598DF943199B25450073E963 /* AppDelegate.m in Sources */,
				598DF93F199B25450073E963 /* main.m in Sources */,
			);
			runOnlyForDeploymentPostprocessing = 0;
		};
		598DF94C199B25450073E963 /* Sources */ = {
			isa = PBXSourcesBuildPhase;
			buildActionMask = 2147483647;
			files = (
				598DF95E199B25450073E963 /* assignment_2Tests.m in Sources */,
			);
			runOnlyForDeploymentPostprocessing = 0;
		};
/* End PBXSourcesBuildPhase section */

/* Begin PBXTargetDependency section */
		598DF956199B25450073E963 /* PBXTargetDependency */ = {
			isa = PBXTargetDependency;
			target = 598DF92E199B25450073E963 /* assignment_2 */;
			targetProxy = 598DF955199B25450073E963 /* PBXContainerItemProxy */;
		};
/* End PBXTargetDependency section */

/* Begin PBXVariantGroup section */
		598DF93B199B25450073E963 /* InfoPlist.strings */ = {
			isa = PBXVariantGroup;
			children = (
				598DF93C199B25450073E963 /* en */,
			);
			name = InfoPlist.strings;
			sourceTree = "<group>";
		};
		598DF944199B25450073E963 /* Main.storyboard */ = {
			isa = PBXVariantGroup;
			children = (
				598DF945199B25450073E963 /* Base */,
			);
			name = Main.storyboard;
			sourceTree = "<group>";
		};
		598DF95A199B25450073E963 /* InfoPlist.strings */ = {
			isa = PBXVariantGroup;
			children = (
				598DF95B199B25450073E963 /* en */,
			);
			name = InfoPlist.strings;
			sourceTree = "<group>";
		};
/* End PBXVariantGroup section */

/* Begin XCBuildConfiguration section */
		598DF95F199B25450073E963 /* Debug */ = {
			isa = XCBuildConfiguration;
			buildSettings = {
				ALWAYS_SEARCH_USER_PATHS = NO;
				CLANG_CXX_LANGUAGE_STANDARD = "gnu++0x";
				CLANG_CXX_LIBRARY = "libc++";
				CLANG_ENABLE_MODULES = YES;
				CLANG_ENABLE_OBJC_ARC = YES;
				CLANG_WARN_BOOL_CONVERSION = YES;
				CLANG_WARN_CONSTANT_CONVERSION = YES;
				CLANG_WARN_DIRECT_OBJC_ISA_USAGE = YES_ERROR;
				CLANG_WARN_EMPTY_BODY = YES;
				CLANG_WARN_ENUM_CONVERSION = YES;
				CLANG_WARN_INT_CONVERSION = YES;
				CLANG_WARN_OBJC_ROOT_CLASS = YES_ERROR;
				CLANG_WARN__DUPLICATE_METHOD_MATCH = YES;
				"CODE_SIGN_IDENTITY[sdk=iphoneos*]" = "iPhone Developer";
				COPY_PHASE_STRIP = NO;
				GCC_C_LANGUAGE_STANDARD = gnu99;
				GCC_DYNAMIC_NO_PIC = NO;
				GCC_OPTIMIZATION_LEVEL = 0;
				GCC_PREPROCESSOR_DEFINITIONS = (
					"DEBUG=1",
					"$(inherited)",
				);
				GCC_SYMBOLS_PRIVATE_EXTERN = NO;
				GCC_WARN_64_TO_32_BIT_CONVERSION = YES;
				GCC_WARN_ABOUT_RETURN_TYPE = YES_ERROR;
				GCC_WARN_UNDECLARED_SELECTOR = YES;
				GCC_WARN_UNINITIALIZED_AUTOS = YES_AGGRESSIVE;
				GCC_WARN_UNUSED_FUNCTION = YES;
				GCC_WARN_UNUSED_VARIABLE = YES;
				IPHONEOS_DEPLOYMENT_TARGET = 7.1;
				ONLY_ACTIVE_ARCH = YES;
				SDKROOT = iphoneos;
			};
			name = Debug;
		};
		598DF960199B25450073E963 /* Release */ = {
			isa = XCBuildConfiguration;
			buildSettings = {
				ALWAYS_SEARCH_USER_PATHS = NO;
				CLANG_CXX_LANGUAGE_STANDARD = "gnu++0x";
				CLANG_CXX_LIBRARY = "libc++";
				CLANG_ENABLE_MODULES = YES;
				CLANG_ENABLE_OBJC_ARC = YES;
				CLANG_WARN_BOOL_CONVERSION = YES;
				CLANG_WARN_CONSTANT_CONVERSION = YES;
				CLANG_WARN_DIRECT_OBJC_ISA_USAGE = YES_ERROR;
				CLANG_WARN_EMPTY_BODY = YES;
				CLANG_WARN_ENUM_CONVERSION = YES;
				CLANG_WARN_INT_CONVERSION = YES;
				CLANG_WARN_OBJC_ROOT_CLASS = YES_ERROR;
				CLANG_WARN__DUPLICATE_METHOD_MATCH = YES;
				"CODE_SIGN_IDENTITY[sdk=iphoneos*]" = "iPhone Developer";
				COPY_PHASE_STRIP = YES;
				ENABLE_NS_ASSERTIONS = NO;
				GCC_C_LANGUAGE_STANDARD = gnu99;
				GCC_WARN_64_TO_32_BIT_CONVERSION = YES;
				GCC_WARN_ABOUT_RETURN_TYPE = YES_ERROR;
				GCC_WARN_UNDECLARED_SELECTOR = YES;
				GCC_WARN_UNINITIALIZED_AUTOS = YES_AGGRESSIVE;
				GCC_WARN_UNUSED_FUNCTION = YES;
				GCC_WARN_UNUSED_VARIABLE = YES;
				IPHONEOS_DEPLOYMENT_TARGET = 7.1;
				SDKROOT = iphoneos;
				VALIDATE_PRODUCT = YES;
			};
			name = Release;
		};
		598DF962199B25450073E963 /* Debug */ = {
			isa = XCBuildConfiguration;
			buildSettings = {
				ASSETCATALOG_COMPILER_APPICON_NAME = AppIcon;
				ASSETCATALOG_COMPILER_LAUNCHIMAGE_NAME = LaunchImage;
				GCC_PRECOMPILE_PREFIX_HEADER = YES;
				GCC_PREFIX_HEADER = "assignment_2/assignment_2-Prefix.pch";
				INFOPLIST_FILE = "assignment_2/assignment_2-Info.plist";
				PRODUCT_NAME = "$(TARGET_NAME)";
				WRAPPER_EXTENSION = app;
			};
			name = Debug;
		};
		598DF963199B25450073E963 /* Release */ = {
			isa = XCBuildConfiguration;
			buildSettings = {
				ASSETCATALOG_COMPILER_APPICON_NAME = AppIcon;
				ASSETCATALOG_COMPILER_LAUNCHIMAGE_NAME = LaunchImage;
				GCC_PRECOMPILE_PREFIX_HEADER = YES;
				GCC_PREFIX_HEADER = "assignment_2/assignment_2-Prefix.pch";
				INFOPLIST_FILE = "assignment_2/assignment_2-Info.plist";
				PRODUCT_NAME = "$(TARGET_NAME)";
				WRAPPER_EXTENSION = app;
			};
			name = Release;
		};
		598DF965199B25450073E963 /* Debug */ = {
			isa = XCBuildConfiguration;
			buildSettings = {
				BUNDLE_LOADER = "$(BUILT_PRODUCTS_DIR)/assignment_2.app/assignment_2";
				FRAMEWORK_SEARCH_PATHS = (
					"$(SDKROOT)/Developer/Library/Frameworks",
					"$(inherited)",
					"$(DEVELOPER_FRAMEWORKS_DIR)",
				);
				GCC_PRECOMPILE_PREFIX_HEADER = YES;
				GCC_PREFIX_HEADER = "assignment_2/assignment_2-Prefix.pch";
				GCC_PREPROCESSOR_DEFINITIONS = (
					"DEBUG=1",
					"$(inherited)",
				);
				INFOPLIST_FILE = "assignment_2Tests/assignment_2Tests-Info.plist";
				PRODUCT_NAME = "$(TARGET_NAME)";
				TEST_HOST = "$(BUNDLE_LOADER)";
				WRAPPER_EXTENSION = xctest;
			};
			name = Debug;
		};
		598DF966199B25450073E963 /* Release */ = {
			isa = XCBuildConfiguration;
			buildSettings = {
				BUNDLE_LOADER = "$(BUILT_PRODUCTS_DIR)/assignment_2.app/assignment_2";
				FRAMEWORK_SEARCH_PATHS = (
					"$(SDKROOT)/Developer/Library/Frameworks",
					"$(inherited)",
					"$(DEVELOPER_FRAMEWORKS_DIR)",
				);
				GCC_PRECOMPILE_PREFIX_HEADER = YES;
				GCC_PREFIX_HEADER = "assignment_2/assignment_2-Prefix.pch";
				INFOPLIST_FILE = "assignment_2Tests/assignment_2Tests-Info.plist";
				PRODUCT_NAME = "$(TARGET_NAME)";
				TEST_HOST = "$(BUNDLE_LOADER)";
				WRAPPER_EXTENSION = xctest;
			};
			name = Release;
		};
/* End XCBuildConfiguration section */

/* Begin XCConfigurationList section */
		598DF92A199B25450073E963 /* Build configuration list for PBXProject "assignment_2" */ = {
			isa = XCConfigurationList;
			buildConfigurations = (
				598DF95F199B25450073E963 /* Debug */,
				598DF960199B25450073E963 /* Release */,
			);
			defaultConfigurationIsVisible = 0;
			defaultConfigurationName = Release;
		};
		598DF961199B25450073E963 /* Build configuration list for PBXNativeTarget "assignment_2" */ = {
			isa = XCConfigurationList;
			buildConfigurations = (
				598DF962199B25450073E963 /* Debug */,
				598DF963199B25450073E963 /* Release */,
			);
			defaultConfigurationIsVisible = 0;
		};
		598DF964199B25450073E963 /* Build configuration list for PBXNativeTarget "assignment_2Tests" */ = {
			isa = XCConfigurationList;
			buildConfigurations = (
				598DF965199B25450073E963 /* Debug */,
				598DF966199B25450073E963 /* Release */,
			);
			defaultConfigurationIsVisible = 0;
		};
/* End XCConfigurationList section */
	};
	rootObject = 598DF927199B25450073E963 /* Project object */;
}
